
Microsoft Visual Studio Solution File, Format Version 12.00
# Visual Studio Version 17
VisualStudioVersion = 17.10.35027.167
MinimumVisualStudioVersion = 10.0.40219.1
Project("{FAE04EC0-301F-11D3-BF4B-00C04F79EFBC}") = "prj5BISofoAlles", "prj5BISofoAlles\prj5BISofoAlles.csproj", "{9C0D90AC-2FE3-4B41-89DA-8F143460EF44}"
EndProject
Global
	GlobalSection(SolutionConfigurationPlatforms) = preSolution
		Debug|Any CPU = Debug|Any CPU
		Release|Any CPU = Release|Any CPU
	EndGlobalSection
	GlobalSection(ProjectConfigurationPlatforms) = postSolution
		{9C0D90AC-2FE3-4B41-89DA-8F143460EF44}.Debug|Any CPU.ActiveCfg = Debug|Any CPU
		{9C0D90AC-2FE3-4B41-89DA-8F143460EF44}.Debug|Any CPU.Build.0 = Debug|Any CPU
		{9C0D90AC-2FE3-4B41-89DA-8F143460EF44}.Release|Any CPU.ActiveCfg = Release|Any CPU
		{9C0D90AC-2FE3-4B41-89DA-8F143460EF44}.Release|Any CPU.Build.0 = Release|Any CPU
	EndGlobalSection
	GlobalSection(SolutionProperties) = preSolution
		HideSolutionNode = FALSE
	EndGlobalSection
	GlobalSection(ExtensibilityGlobals) = postSolution
		SolutionGuid = {718934D8-A3B7-40EF-A2B2-56BEEB1DAE43}
	EndGlobalSection
EndGlobal
